// !$*UTF8*$!
{
	archiveVersion = 1;
	classes = {
	};
	objectVersion = 46;
	objects = {

/* Begin PBXBuildFile section */
		27601E7E1981ED4400698204 /* TestObjectiveCNavigationController.m in Sources */ = {isa = PBXBuildFile; fileRef = 27601E7D1981ED4400698204 /* TestObjectiveCNavigationController.m */; };
		2798E8D4198172ED00B80CFE /* MAPageViewController.m in Sources */ = {isa = PBXBuildFile; fileRef = 2798E8D3198172ED00B80CFE /* MAPageViewController.m */; };
		27F81C791953911A00A3AE6F /* AppDelegate.swift in Sources */ = {isa = PBXBuildFile; fileRef = 27F81C781953911A00A3AE6F /* AppDelegate.swift */; };
		27F81C7B1953911A00A3AE6F /* Images.xcassets in Resources */ = {isa = PBXBuildFile; fileRef = 27F81C7A1953911A00A3AE6F /* Images.xcassets */; };
		27F81C871953911A00A3AE6F /* MAPageViewControllerTests.swift in Sources */ = {isa = PBXBuildFile; fileRef = 27F81C861953911A00A3AE6F /* MAPageViewControllerTests.swift */; };
		27F81C91195392BE00A3AE6F /* MAPageViewController.swift in Sources */ = {isa = PBXBuildFile; fileRef = 27F81C90195392BE00A3AE6F /* MAPageViewController.swift */; };
/* End PBXBuildFile section */

/* Begin PBXContainerItemProxy section */
		27F81C811953911A00A3AE6F /* PBXContainerItemProxy */ = {
			isa = PBXContainerItemProxy;
			containerPortal = 27F81C6B1953911A00A3AE6F /* Project object */;
			proxyType = 1;
			remoteGlobalIDString = 27F81C721953911A00A3AE6F;
			remoteInfo = MAPageViewController;
		};
/* End PBXContainerItemProxy section */

/* Begin PBXFileReference section */
		27601E7C1981ED4400698204 /* TestObjectiveCNavigationController.h */ = {isa = PBXFileReference; fileEncoding = 4; lastKnownFileType = sourcecode.c.h; path = TestObjectiveCNavigationController.h; sourceTree = "<group>"; };
		27601E7D1981ED4400698204 /* TestObjectiveCNavigationController.m */ = {isa = PBXFileReference; fileEncoding = 4; lastKnownFileType = sourcecode.c.objc; path = TestObjectiveCNavigationController.m; sourceTree = "<group>"; };
		2798E8D1198172ED00B80CFE /* MAPageViewController-Bridging-Header.h */ = {isa = PBXFileReference; lastKnownFileType = sourcecode.c.h; path = "MAPageViewController-Bridging-Header.h"; sourceTree = "<group>"; };
		2798E8D2198172ED00B80CFE /* MAPageViewController.h */ = {isa = PBXFileReference; fileEncoding = 4; lastKnownFileType = sourcecode.c.h; path = MAPageViewController.h; sourceTree = "<group>"; };
		2798E8D3198172ED00B80CFE /* MAPageViewController.m */ = {isa = PBXFileReference; fileEncoding = 4; lastKnownFileType = sourcecode.c.objc; path = MAPageViewController.m; sourceTree = "<group>"; };
		27F81C731953911A00A3AE6F /* MAPageViewController.app */ = {isa = PBXFileReference; explicitFileType = wrapper.application; includeInIndex = 0; path = MAPageViewController.app; sourceTree = BUILT_PRODUCTS_DIR; };
		27F81C771953911A00A3AE6F /* Info.plist */ = {isa = PBXFileReference; lastKnownFileType = text.plist.xml; path = Info.plist; sourceTree = "<group>"; };
		27F81C781953911A00A3AE6F /* AppDelegate.swift */ = {isa = PBXFileReference; lastKnownFileType = sourcecode.swift; path = AppDelegate.swift; sourceTree = "<group>"; };
		27F81C7A1953911A00A3AE6F /* Images.xcassets */ = {isa = PBXFileReference; lastKnownFileType = folder.assetcatalog; path = Images.xcassets; sourceTree = "<group>"; };
		27F81C801953911A00A3AE6F /* MAPageViewControllerTests.xctest */ = {isa = PBXFileReference; explicitFileType = wrapper.cfbundle; includeInIndex = 0; path = MAPageViewControllerTests.xctest; sourceTree = BUILT_PRODUCTS_DIR; };
		27F81C851953911A00A3AE6F /* Info.plist */ = {isa = PBXFileReference; lastKnownFileType = text.plist.xml; path = Info.plist; sourceTree = "<group>"; };
		27F81C861953911A00A3AE6F /* MAPageViewControllerTests.swift */ = {isa = PBXFileReference; lastKnownFileType = sourcecode.swift; path = MAPageViewControllerTests.swift; sourceTree = "<group>"; };
		27F81C90195392BE00A3AE6F /* MAPageViewController.swift */ = {isa = PBXFileReference; fileEncoding = 4; lastKnownFileType = sourcecode.swift; path = MAPageViewController.swift; sourceTree = "<group>"; };
/* End PBXFileReference section */

/* Begin PBXFrameworksBuildPhase section */
		27F81C701953911A00A3AE6F /* Frameworks */ = {
			isa = PBXFrameworksBuildPhase;
			buildActionMask = 2147483647;
			files = (
			);
			runOnlyForDeploymentPostprocessing = 0;
		};
		27F81C7D1953911A00A3AE6F /* Frameworks */ = {
			isa = PBXFrameworksBuildPhase;
			buildActionMask = 2147483647;
			files = (
			);
			runOnlyForDeploymentPostprocessing = 0;
		};
/* End PBXFrameworksBuildPhase section */

/* Begin PBXGroup section */
		27F81C6A1953911A00A3AE6F = {
			isa = PBXGroup;
			children = (
				27F81C751953911A00A3AE6F /* MAPageViewController */,
				27F81C831953911A00A3AE6F /* MAPageViewControllerTests */,
				27F81C741953911A00A3AE6F /* Products */,
			);
			sourceTree = "<group>";
		};
		27F81C741953911A00A3AE6F /* Products */ = {
			isa = PBXGroup;
			children = (
				27F81C731953911A00A3AE6F /* MAPageViewController.app */,
				27F81C801953911A00A3AE6F /* MAPageViewControllerTests.xctest */,
			);
			name = Products;
			sourceTree = "<group>";
		};
		27F81C751953911A00A3AE6F /* MAPageViewController */ = {
			isa = PBXGroup;
			children = (
				27F81C781953911A00A3AE6F /* AppDelegate.swift */,
				2798E8D2198172ED00B80CFE /* MAPageViewController.h */,
				2798E8D3198172ED00B80CFE /* MAPageViewController.m */,
				27F81C90195392BE00A3AE6F /* MAPageViewController.swift */,
				2798E8D1198172ED00B80CFE /* MAPageViewController-Bridging-Header.h */,
				27601E7C1981ED4400698204 /* TestObjectiveCNavigationController.h */,
				27601E7D1981ED4400698204 /* TestObjectiveCNavigationController.m */,
				27F81C7A1953911A00A3AE6F /* Images.xcassets */,
				27F81C761953911A00A3AE6F /* Supporting Files */,
			);
			path = MAPageViewController;
			sourceTree = "<group>";
		};
		27F81C761953911A00A3AE6F /* Supporting Files */ = {
			isa = PBXGroup;
			children = (
				27F81C771953911A00A3AE6F /* Info.plist */,
			);
			name = "Supporting Files";
			sourceTree = "<group>";
		};
		27F81C831953911A00A3AE6F /* MAPageViewControllerTests */ = {
			isa = PBXGroup;
			children = (
				27F81C861953911A00A3AE6F /* MAPageViewControllerTests.swift */,
				27F81C841953911A00A3AE6F /* Supporting Files */,
			);
			path = MAPageViewControllerTests;
			sourceTree = "<group>";
		};
		27F81C841953911A00A3AE6F /* Supporting Files */ = {
			isa = PBXGroup;
			children = (
				27F81C851953911A00A3AE6F /* Info.plist */,
			);
			name = "Supporting Files";
			sourceTree = "<group>";
		};
/* End PBXGroup section */

/* Begin PBXNativeTarget section */
		27F81C721953911A00A3AE6F /* MAPageViewController */ = {
			isa = PBXNativeTarget;
			buildConfigurationList = 27F81C8A1953911A00A3AE6F /* Build configuration list for PBXNativeTarget "MAPageViewController" */;
			buildPhases = (
				27F81C6F1953911A00A3AE6F /* Sources */,
				27F81C701953911A00A3AE6F /* Frameworks */,
				27F81C711953911A00A3AE6F /* Resources */,
			);
			buildRules = (
			);
			dependencies = (
			);
			name = MAPageViewController;
			productName = MAPageViewController;
			productReference = 27F81C731953911A00A3AE6F /* MAPageViewController.app */;
			productType = "com.apple.product-type.application";
		};
		27F81C7F1953911A00A3AE6F /* MAPageViewControllerTests */ = {
			isa = PBXNativeTarget;
			buildConfigurationList = 27F81C8D1953911A00A3AE6F /* Build configuration list for PBXNativeTarget "MAPageViewControllerTests" */;
			buildPhases = (
				27F81C7C1953911A00A3AE6F /* Sources */,
				27F81C7D1953911A00A3AE6F /* Frameworks */,
				27F81C7E1953911A00A3AE6F /* Resources */,
			);
			buildRules = (
			);
			dependencies = (
				27F81C821953911A00A3AE6F /* PBXTargetDependency */,
			);
			name = MAPageViewControllerTests;
			productName = MAPageViewControllerTests;
			productReference = 27F81C801953911A00A3AE6F /* MAPageViewControllerTests.xctest */;
			productType = "com.apple.product-type.bundle.unit-test";
		};
/* End PBXNativeTarget section */

/* Begin PBXProject section */
		27F81C6B1953911A00A3AE6F /* Project object */ = {
			isa = PBXProject;
			attributes = {
				LastUpgradeCheck = 0600;
				ORGANIZATIONNAME = "Mike Amaral";
				TargetAttributes = {
					27F81C721953911A00A3AE6F = {
						CreatedOnToolsVersion = 6.0;
					};
					27F81C7F1953911A00A3AE6F = {
						CreatedOnToolsVersion = 6.0;
						TestTargetID = 27F81C721953911A00A3AE6F;
					};
				};
			};
			buildConfigurationList = 27F81C6E1953911A00A3AE6F /* Build configuration list for PBXProject "MAPageViewController" */;
			compatibilityVersion = "Xcode 3.2";
			developmentRegion = English;
			hasScannedForEncodings = 0;
			knownRegions = (
				en,
			);
			mainGroup = 27F81C6A1953911A00A3AE6F;
			productRefGroup = 27F81C741953911A00A3AE6F /* Products */;
			projectDirPath = "";
			projectRoot = "";
			targets = (
				27F81C721953911A00A3AE6F /* MAPageViewController */,
				27F81C7F1953911A00A3AE6F /* MAPageViewControllerTests */,
			);
		};
/* End PBXProject section */

/* Begin PBXResourcesBuildPhase section */
		27F81C711953911A00A3AE6F /* Resources */ = {
			isa = PBXResourcesBuildPhase;
			buildActionMask = 2147483647;
			files = (
				27F81C7B1953911A00A3AE6F /* Images.xcassets in Resources */,
			);
			runOnlyForDeploymentPostprocessing = 0;
		};
		27F81C7E1953911A00A3AE6F /* Resources */ = {
			isa = PBXResourcesBuildPhase;
			buildActionMask = 2147483647;
			files = (
			);
			runOnlyForDeploymentPostprocessing = 0;
		};
/* End PBXResourcesBuildPhase section */

/* Begin PBXSourcesBuildPhase section */
		27F81C6F1953911A00A3AE6F /* Sources */ = {
			isa = PBXSourcesBuildPhase;
			buildActionMask = 2147483647;
			files = (
				27F81C791953911A00A3AE6F /* AppDelegate.swift in Sources */,
				27601E7E1981ED4400698204 /* TestObjectiveCNavigationController.m in Sources */,
				2798E8D4198172ED00B80CFE /* MAPageViewController.m in Sources */,
				27F81C91195392BE00A3AE6F /* MAPageViewController.swift in Sources */,
			);
			runOnlyForDeploymentPostprocessing = 0;
		};
		27F81C7C1953911A00A3AE6F /* Sources */ = {
			isa = PBXSourcesBuildPhase;
			buildActionMask = 2147483647;
			files = (
				27F81C871953911A00A3AE6F /* MAPageViewControllerTests.swift in Sources */,
			);
			runOnlyForDeploymentPostprocessing = 0;
		};
/* End PBXSourcesBuildPhase section */

/* Begin PBXTargetDependency section */
		27F81C821953911A00A3AE6F /* PBXTargetDependency */ = {
			isa = PBXTargetDependency;
			target = 27F81C721953911A00A3AE6F /* MAPageViewController */;
			targetProxy = 27F81C811953911A00A3AE6F /* PBXContainerItemProxy */;
		};
/* End PBXTargetDependency section */

/* Begin XCBuildConfiguration section */
		27F81C881953911A00A3AE6F /* Debug */ = {
			isa = XCBuildConfiguration;
			buildSettings = {
				ALWAYS_SEARCH_USER_PATHS = NO;
				CLANG_CXX_LANGUAGE_STANDARD = "gnu++0x";
				CLANG_CXX_LIBRARY = "libc++";
				CLANG_ENABLE_MODULES = YES;
				CLANG_ENABLE_OBJC_ARC = YES;
				CLANG_WARN_BOOL_CONVERSION = YES;
				CLANG_WARN_CONSTANT_CONVERSION = YES;
				CLANG_WARN_DIRECT_OBJC_ISA_USAGE = YES_ERROR;
				CLANG_WARN_EMPTY_BODY = YES;
				CLANG_WARN_ENUM_CONVERSION = YES;
				CLANG_WARN_INT_CONVERSION = YES;
				CLANG_WARN_OBJC_ROOT_CLASS = YES_ERROR;
				CLANG_WARN_UNREACHABLE_CODE = YES;
				CLANG_WARN__DUPLICATE_METHOD_MATCH = YES;
				"CODE_SIGN_IDENTITY[sdk=iphoneos*]" = "iPhone Developer";
				COPY_PHASE_STRIP = NO;
				ENABLE_STRICT_OBJC_MSGSEND = YES;
				GCC_C_LANGUAGE_STANDARD = gnu99;
				GCC_DYNAMIC_NO_PIC = NO;
				GCC_OPTIMIZATION_LEVEL = 0;
				GCC_PREPROCESSOR_DEFINITIONS = (
					"DEBUG=1",
					"$(inherited)",
				);
				GCC_SYMBOLS_PRIVATE_EXTERN = NO;
				GCC_WARN_64_TO_32_BIT_CONVERSION = YES;
				GCC_WARN_ABOUT_RETURN_TYPE = YES_ERROR;
				GCC_WARN_UNDECLARED_SELECTOR = YES;
				GCC_WARN_UNINITIALIZED_AUTOS = YES_AGGRESSIVE;
				GCC_WARN_UNUSED_FUNCTION = YES;
				GCC_WARN_UNUSED_VARIABLE = YES;
				IPHONEOS_DEPLOYMENT_TARGET = 8.0;
				METAL_ENABLE_DEBUG_INFO = YES;
				ONLY_ACTIVE_ARCH = YES;
				SDKROOT = iphoneos;
				SWIFT_OPTIMIZATION_LEVEL = "-Onone";
				TARGETED_DEVICE_FAMILY = "1,2";
			};
			name = Debug;
		};
		27F81C891953911A00A3AE6F /* Release */ = {
			isa = XCBuildConfiguration;
			buildSettings = {
				ALWAYS_SEARCH_USER_PATHS = NO;
				CLANG_CXX_LANGUAGE_STANDARD = "gnu++0x";
				CLANG_CXX_LIBRARY = "libc++";
				CLANG_ENABLE_MODULES = YES;
				CLANG_ENABLE_OBJC_ARC = YES;
				CLANG_WARN_BOOL_CONVERSION = YES;
				CLANG_WARN_CONSTANT_CONVERSION = YES;
				CLANG_WARN_DIRECT_OBJC_ISA_USAGE = YES_ERROR;
				CLANG_WARN_EMPTY_BODY = YES;
				CLANG_WARN_ENUM_CONVERSION = YES;
				CLANG_WARN_INT_CONVERSION = YES;
				CLANG_WARN_OBJC_ROOT_CLASS = YES_ERROR;
				CLANG_WARN_UNREACHABLE_CODE = YES;
				CLANG_WARN__DUPLICATE_METHOD_MATCH = YES;
				"CODE_SIGN_IDENTITY[sdk=iphoneos*]" = "iPhone Developer";
				COPY_PHASE_STRIP = YES;
				ENABLE_NS_ASSERTIONS = NO;
				ENABLE_STRICT_OBJC_MSGSEND = YES;
				GCC_C_LANGUAGE_STANDARD = gnu99;
				GCC_WARN_64_TO_32_BIT_CONVERSION = YES;
				GCC_WARN_ABOUT_RETURN_TYPE = YES_ERROR;
				GCC_WARN_UNDECLARED_SELECTOR = YES;
				GCC_WARN_UNINITIALIZED_AUTOS = YES_AGGRESSIVE;
				GCC_WARN_UNUSED_FUNCTION = YES;
				GCC_WARN_UNUSED_VARIABLE = YES;
				IPHONEOS_DEPLOYMENT_TARGET = 8.0;
				METAL_ENABLE_DEBUG_INFO = NO;
				SDKROOT = iphoneos;
				TARGETED_DEVICE_FAMILY = "1,2";
				VALIDATE_PRODUCT = YES;
			};
			name = Release;
		};
		27F81C8B1953911A00A3AE6F /* Debug */ = {
			isa = XCBuildConfiguration;
			buildSettings = {
				ASSETCATALOG_COMPILER_APPICON_NAME = AppIcon;
				ASSETCATALOG_COMPILER_LAUNCHIMAGE_NAME = LaunchImage;
				CLANG_ENABLE_MODULES = YES;
				INFOPLIST_FILE = MAPageViewController/Info.plist;
				LD_RUNPATH_SEARCH_PATHS = "$(inherited) @executable_path/Frameworks";
				PRODUCT_NAME = "$(TARGET_NAME)";
				SWIFT_OBJC_BRIDGING_HEADER = "MAPageViewController/MAPageViewController-Bridging-Header.h";
				SWIFT_OPTIMIZATION_LEVEL = "-Onone";
			};
			name = Debug;
		};
		27F81C8C1953911A00A3AE6F /* Release */ = {
			isa = XCBuildConfiguration;
			buildSettings = {
				ASSETCATALOG_COMPILER_APPICON_NAME = AppIcon;
				ASSETCATALOG_COMPILER_LAUNCHIMAGE_NAME = LaunchImage;
				CLANG_ENABLE_MODULES = YES;
				INFOPLIST_FILE = MAPageViewController/Info.plist;
				LD_RUNPATH_SEARCH_PATHS = "$(inherited) @executable_path/Frameworks";
				PRODUCT_NAME = "$(TARGET_NAME)";
				SWIFT_OBJC_BRIDGING_HEADER = "MAPageViewController/MAPageViewController-Bridging-Header.h";
			};
			name = Release;
		};
		27F81C8E1953911A00A3AE6F /* Debug */ = {
			isa = XCBuildConfiguration;
			buildSettings = {
				BUNDLE_LOADER = "$(BUILT_PRODUCTS_DIR)/MAPageViewController.app/MAPageViewController";
				FRAMEWORK_SEARCH_PATHS = (
					"$(SDKROOT)/Developer/Library/Frameworks",
					"$(inherited)",
				);
				GCC_PREPROCESSOR_DEFINITIONS = (
					"DEBUG=1",
					"$(inherited)",
				);
				INFOPLIST_FILE = MAPageViewControllerTests/Info.plist;
				LD_RUNPATH_SEARCH_PATHS = "$(inherited) @executable_path/Frameworks @loader_path/Frameworks";
				METAL_ENABLE_DEBUG_INFO = YES;
				PRODUCT_NAME = "$(TARGET_NAME)";
				TEST_HOST = "$(BUNDLE_LOADER)";
			};
			name = Debug;
		};
		27F81C8F1953911A00A3AE6F /* Release */ = {
			isa = XCBuildConfiguration;
			buildSettings = {
				BUNDLE_LOADER = "$(BUILT_PRODUCTS_DIR)/MAPageViewController.app/MAPageViewController";
				FRAMEWORK_SEARCH_PATHS = (
					"$(SDKROOT)/Developer/Library/Frameworks",
					"$(inherited)",
				);
				INFOPLIST_FILE = MAPageViewControllerTests/Info.plist;
				LD_RUNPATH_SEARCH_PATHS = "$(inherited) @executable_path/Frameworks @loader_path/Frameworks";
				METAL_ENABLE_DEBUG_INFO = NO;
				PRODUCT_NAME = "$(TARGET_NAME)";
				TEST_HOST = "$(BUNDLE_LOADER)";
			};
			name = Release;
		};
/* End XCBuildConfiguration section */

/* Begin XCConfigurationList section */
		27F81C6E1953911A00A3AE6F /* Build configuration list for PBXProject "MAPageViewController" */ = {
			isa = XCConfigurationList;
			buildConfigurations = (
				27F81C881953911A00A3AE6F /* Debug */,
				27F81C891953911A00A3AE6F /* Release */,
			);
			defaultConfigurationIsVisible = 0;
			defaultConfigurationName = Release;
		};
		27F81C8A1953911A00A3AE6F /* Build configuration list for PBXNativeTarget "MAPageViewController" */ = {
			isa = XCConfigurationList;
			buildConfigurations = (
				27F81C8B1953911A00A3AE6F /* Debug */,
				27F81C8C1953911A00A3AE6F /* Release */,
			);
			defaultConfigurationIsVisible = 0;
			defaultConfigurationName = Release;
		};
		27F81C8D1953911A00A3AE6F /* Build configuration list for PBXNativeTarget "MAPageViewControllerTests" */ = {
			isa = XCConfigurationList;
			buildConfigurations = (
				27F81C8E1953911A00A3AE6F /* Debug */,
				27F81C8F1953911A00A3AE6F /* Release */,
			);
			defaultConfigurationIsVisible = 0;
			defaultConfigurationName = Release;
		};
/* End XCConfigurationList section */
	};
	rootObject = 27F81C6B1953911A00A3AE6F /* Project object */;
}
